// !$*UTF8*$!
{
	archiveVersion = 1;
	classes = {
	};
	objectVersion = 50;
	objects = {

/* Begin PBXBuildFile section */
		7BACCF1B25BF40CC00D0EAE4 /* AmberCardApp.swift in Sources */ = {isa = PBXBuildFile; fileRef = 7BACCF1A25BF40CC00D0EAE4 /* AmberCardApp.swift */; };
		7BACCF1D25BF40CC00D0EAE4 /* ContentView.swift in Sources */ = {isa = PBXBuildFile; fileRef = 7BACCF1C25BF40CC00D0EAE4 /* ContentView.swift */; };
		7BACCF1F25BF40CC00D0EAE4 /* Assets.xcassets in Resources */ = {isa = PBXBuildFile; fileRef = 7BACCF1E25BF40CC00D0EAE4 /* Assets.xcassets */; };
		7BACCF2225BF40CC00D0EAE4 /* Preview Assets.xcassets in Resources */ = {isa = PBXBuildFile; fileRef = 7BACCF2125BF40CC00D0EAE4 /* Preview Assets.xcassets */; };
/* End PBXBuildFile section */

/* Begin PBXFileReference section */
		7BACCF1725BF40CC00D0EAE4 /* AmberCard.app */ = {isa = PBXFileReference; explicitFileType = wrapper.application; includeInIndex = 0; path = AmberCard.app; sourceTree = BUILT_PRODUCTS_DIR; };
		7BACCF1A25BF40CC00D0EAE4 /* AmberCardApp.swift */ = {isa = PBXFileReference; lastKnownFileType = sourcecode.swift; path = AmberCardApp.swift; sourceTree = "<group>"; };
		7BACCF1C25BF40CC00D0EAE4 /* ContentView.swift */ = {isa = PBXFileReference; lastKnownFileType = sourcecode.swift; path = ContentView.swift; sourceTree = "<group>"; };
		7BACCF1E25BF40CC00D0EAE4 /* Assets.xcassets */ = {isa = PBXFileReference; lastKnownFileType = folder.assetcatalog; path = Assets.xcassets; sourceTree = "<group>"; };
		7BACCF2125BF40CC00D0EAE4 /* Preview Assets.xcassets */ = {isa = PBXFileReference; lastKnownFileType = folder.assetcatalog; path = "Preview Assets.xcassets"; sourceTree = "<group>"; };
		7BACCF2325BF40CC00D0EAE4 /* Info.plist */ = {isa = PBXFileReference; lastKnownFileType = text.plist.xml; path = Info.plist; sourceTree = "<group>"; };
/* End PBXFileReference section */

/* Begin PBXFrameworksBuildPhase section */
		7BACCF1425BF40CC00D0EAE4 /* Frameworks */ = {
			isa = PBXFrameworksBuildPhase;
			buildActionMask = 2147483647;
			files = (
			);
			runOnlyForDeploymentPostprocessing = 0;
		};
/* End PBXFrameworksBuildPhase section */

/* Begin PBXGroup section */
		7BACCF0E25BF40CB00D0EAE4 = {
			isa = PBXGroup;
			children = (
				7BACCF1925BF40CC00D0EAE4 /* AmberCard */,
				7BACCF1825BF40CC00D0EAE4 /* Products */,
			);
			sourceTree = "<group>";
		};
		7BACCF1825BF40CC00D0EAE4 /* Products */ = {
			isa = PBXGroup;
			children = (
				7BACCF1725BF40CC00D0EAE4 /* AmberCard.app */,
			);
			name = Products;
			sourceTree = "<group>";
		};
		7BACCF1925BF40CC00D0EAE4 /* AmberCard */ = {
			isa = PBXGroup;
			children = (
				7BACCF1A25BF40CC00D0EAE4 /* AmberCardApp.swift */,
				7BACCF1C25BF40CC00D0EAE4 /* ContentView.swift */,
				7BACCF1E25BF40CC00D0EAE4 /* Assets.xcassets */,
				7BACCF2325BF40CC00D0EAE4 /* Info.plist */,
				7BACCF2025BF40CC00D0EAE4 /* Preview Content */,
			);
			path = AmberCard;
			sourceTree = "<group>";
		};
		7BACCF2025BF40CC00D0EAE4 /* Preview Content */ = {
			isa = PBXGroup;
			children = (
				7BACCF2125BF40CC00D0EAE4 /* Preview Assets.xcassets */,
			);
			path = "Preview Content";
			sourceTree = "<group>";
		};
/* End PBXGroup section */

/* Begin PBXNativeTarget section */
		7BACCF1625BF40CC00D0EAE4 /* AmberCard */ = {
			isa = PBXNativeTarget;
			buildConfigurationList = 7BACCF2625BF40CC00D0EAE4 /* Build configuration list for PBXNativeTarget "AmberCard" */;
			buildPhases = (
				7BACCF1325BF40CC00D0EAE4 /* Sources */,
				7BACCF1425BF40CC00D0EAE4 /* Frameworks */,
				7BACCF1525BF40CC00D0EAE4 /* Resources */,
			);
			buildRules = (
			);
			dependencies = (
			);
			name = AmberCard;
			productName = AmberCard;
			productReference = 7BACCF1725BF40CC00D0EAE4 /* AmberCard.app */;
			productType = "com.apple.product-type.application";
		};
/* End PBXNativeTarget section */

/* Begin PBXProject section */
		7BACCF0F25BF40CB00D0EAE4 /* Project object */ = {
			isa = PBXProject;
			attributes = {
				LastSwiftUpdateCheck = 1230;
				LastUpgradeCheck = 1230;
				TargetAttributes = {
					7BACCF1625BF40CC00D0EAE4 = {
						CreatedOnToolsVersion = 12.3;
					};
				};
			};
			buildConfigurationList = 7BACCF1225BF40CB00D0EAE4 /* Build configuration list for PBXProject "AmberCard" */;
			compatibilityVersion = "Xcode 9.3";
			developmentRegion = en;
			hasScannedForEncodings = 0;
			knownRegions = (
				en,
				Base,
			);
			mainGroup = 7BACCF0E25BF40CB00D0EAE4;
			productRefGroup = 7BACCF1825BF40CC00D0EAE4 /* Products */;
			projectDirPath = "";
			projectRoot = "";
			targets = (
				7BACCF1625BF40CC00D0EAE4 /* AmberCard */,
			);
		};
/* End PBXProject section */

/* Begin PBXResourcesBuildPhase section */
		7BACCF1525BF40CC00D0EAE4 /* Resources */ = {
			isa = PBXResourcesBuildPhase;
			buildActionMask = 2147483647;
			files = (
				7BACCF2225BF40CC00D0EAE4 /* Preview Assets.xcassets in Resources */,
				7BACCF1F25BF40CC00D0EAE4 /* Assets.xcassets in Resources */,
			);
			runOnlyForDeploymentPostprocessing = 0;
		};
/* End PBXResourcesBuildPhase section */

/* Begin PBXSourcesBuildPhase section */
		7BACCF1325BF40CC00D0EAE4 /* Sources */ = {
			isa = PBXSourcesBuildPhase;
			buildActionMask = 2147483647;
			files = (
				7BACCF1D25BF40CC00D0EAE4 /* ContentView.swift in Sources */,
				7BACCF1B25BF40CC00D0EAE4 /* AmberCardApp.swift in Sources */,
			);
			runOnlyForDeploymentPostprocessing = 0;
		};
/* End PBXSourcesBuildPhase section */

/* Begin XCBuildConfiguration section */
		7BACCF2425BF40CC00D0EAE4 /* Debug */ = {
			isa = XCBuildConfiguration;
			buildSettings = {
				ALWAYS_SEARCH_USER_PATHS = NO;
				CLANG_ANALYZER_NONNULL = YES;
				CLANG_ANALYZER_NUMBER_OBJECT_CONVERSION = YES_AGGRESSIVE;
				CLANG_CXX_LANGUAGE_STANDARD = "gnu++14";
				CLANG_CXX_LIBRARY = "libc++";
				CLANG_ENABLE_MODULES = YES;
				CLANG_ENABLE_OBJC_ARC = YES;
				CLANG_ENABLE_OBJC_WEAK = YES;
				CLANG_WARN_BLOCK_CAPTURE_AUTORELEASING = YES;
				CLANG_WARN_BOOL_CONVERSION = YES;
				CLANG_WARN_COMMA = YES;
				CLANG_WARN_CONSTANT_CONVERSION = YES;
				CLANG_WARN_DEPRECATED_OBJC_IMPLEMENTATIONS = YES;
				CLANG_WARN_DIRECT_OBJC_ISA_USAGE = YES_ERROR;
				CLANG_WARN_DOCUMENTATION_COMMENTS = YES;
				CLANG_WARN_EMPTY_BODY = YES;
				CLANG_WARN_ENUM_CONVERSION = YES;
				CLANG_WARN_INFINITE_RECURSION = YES;
				CLANG_WARN_INT_CONVERSION = YES;
				CLANG_WARN_NON_LITERAL_NULL_CONVERSION = YES;
				CLANG_WARN_OBJC_IMPLICIT_RETAIN_SELF = YES;
				CLANG_WARN_OBJC_LITERAL_CONVERSION = YES;
				CLANG_WARN_OBJC_ROOT_CLASS = YES_ERROR;
				CLANG_WARN_QUOTED_INCLUDE_IN_FRAMEWORK_HEADER = YES;
				CLANG_WARN_RANGE_LOOP_ANALYSIS = YES;
				CLANG_WARN_STRICT_PROTOTYPES = YES;
				CLANG_WARN_SUSPICIOUS_MOVE = YES;
				CLANG_WARN_UNGUARDED_AVAILABILITY = YES_AGGRESSIVE;
				CLANG_WARN_UNREACHABLE_CODE = YES;
				CLANG_WARN__DUPLICATE_METHOD_MATCH = YES;
				COPY_PHASE_STRIP = NO;
				DEBUG_INFORMATION_FORMAT = dwarf;
				ENABLE_STRICT_OBJC_MSGSEND = YES;
				ENABLE_TESTABILITY = YES;
				GCC_C_LANGUAGE_STANDARD = gnu11;
				GCC_DYNAMIC_NO_PIC = NO;
				GCC_NO_COMMON_BLOCKS = YES;
				GCC_OPTIMIZATION_LEVEL = 0;
				GCC_PREPROCESSOR_DEFINITIONS = (
					"DEBUG=1",
					"$(inherited)",
				);
				GCC_WARN_64_TO_32_BIT_CONVERSION = YES;
				GCC_WARN_ABOUT_RETURN_TYPE = YES_ERROR;
				GCC_WARN_UNDECLARED_SELECTOR = YES;
				GCC_WARN_UNINITIALIZED_AUTOS = YES_AGGRESSIVE;
				GCC_WARN_UNUSED_FUNCTION = YES;
				GCC_WARN_UNUSED_VARIABLE = YES;
				IPHONEOS_DEPLOYMENT_TARGET = 14.3;
				MTL_ENABLE_DEBUG_INFO = INCLUDE_SOURCE;
				MTL_FAST_MATH = YES;
				ONLY_ACTIVE_ARCH = YES;
				SDKROOT = iphoneos;
				SWIFT_ACTIVE_COMPILATION_CONDITIONS = DEBUG;
				SWIFT_OPTIMIZATION_LEVEL = "-Onone";
			};
			name = Debug;
		};
		7BACCF2525BF40CC00D0EAE4 /* Release */ = {
			isa = XCBuildConfiguration;
			buildSettings = {
				ALWAYS_SEARCH_USER_PATHS = NO;
				CLANG_ANALYZER_NONNULL = YES;
				CLANG_ANALYZER_NUMBER_OBJECT_CONVERSION = YES_AGGRESSIVE;
				CLANG_CXX_LANGUAGE_STANDARD = "gnu++14";
				CLANG_CXX_LIBRARY = "libc++";
				CLANG_ENABLE_MODULES = YES;
				CLANG_ENABLE_OBJC_ARC = YES;
				CLANG_ENABLE_OBJC_WEAK = YES;
				CLANG_WARN_BLOCK_CAPTURE_AUTORELEASING = YES;
				CLANG_WARN_BOOL_CONVERSION = YES;
				CLANG_WARN_COMMA = YES;
				CLANG_WARN_CONSTANT_CONVERSION = YES;
				CLANG_WARN_DEPRECATED_OBJC_IMPLEMENTATIONS = YES;
				CLANG_WARN_DIRECT_OBJC_ISA_USAGE = YES_ERROR;
				CLANG_WARN_DOCUMENTATION_COMMENTS = YES;
				CLANG_WARN_EMPTY_BODY = YES;
				CLANG_WARN_ENUM_CONVERSION = YES;
				CLANG_WARN_INFINITE_RECURSION = YES;
				CLANG_WARN_INT_CONVERSION = YES;
				CLANG_WARN_NON_LITERAL_NULL_CONVERSION = YES;
				CLANG_WARN_OBJC_IMPLICIT_RETAIN_SELF = YES;
				CLANG_WARN_OBJC_LITERAL_CONVERSION = YES;
				CLANG_WARN_OBJC_ROOT_CLASS = YES_ERROR;
				CLANG_WARN_QUOTED_INCLUDE_IN_FRAMEWORK_HEADER = YES;
				CLANG_WARN_RANGE_LOOP_ANALYSIS = YES;
				CLANG_WARN_STRICT_PROTOTYPES = YES;
				CLANG_WARN_SUSPICIOUS_MOVE = YES;
				CLANG_WARN_UNGUARDED_AVAILABILITY = YES_AGGRESSIVE;
				CLANG_WARN_UNREACHABLE_CODE = YES;
				CLANG_WARN__DUPLICATE_METHOD_MATCH = YES;
				COPY_PHASE_STRIP = NO;
				DEBUG_INFORMATION_FORMAT = "dwarf-with-dsym";
				ENABLE_NS_ASSERTIONS = NO;
				ENABLE_STRICT_OBJC_MSGSEND = YES;
				GCC_C_LANGUAGE_STANDARD = gnu11;
				GCC_NO_COMMON_BLOCKS = YES;
				GCC_WARN_64_TO_32_BIT_CONVERSION = YES;
				GCC_WARN_ABOUT_RETURN_TYPE = YES_ERROR;
				GCC_WARN_UNDECLARED_SELECTOR = YES;
				GCC_WARN_UNINITIALIZED_AUTOS = YES_AGGRESSIVE;
				GCC_WARN_UNUSED_FUNCTION = YES;
				GCC_WARN_UNUSED_VARIABLE = YES;
				IPHONEOS_DEPLOYMENT_TARGET = 14.3;
				MTL_ENABLE_DEBUG_INFO = NO;
				MTL_FAST_MATH = YES;
				SDKROOT = iphoneos;
				SWIFT_COMPILATION_MODE = wholemodule;
				SWIFT_OPTIMIZATION_LEVEL = "-O";
				VALIDATE_PRODUCT = YES;
			};
			name = Release;
		};
		7BACCF2725BF40CC00D0EAE4 /* Debug */ = {
			isa = XCBuildConfiguration;
			buildSettings = {
				ASSETCATALOG_COMPILER_APPICON_NAME = AppIcon;
				ASSETCATALOG_COMPILER_GLOBAL_ACCENT_COLOR_NAME = AccentColor;
				CODE_SIGN_STYLE = Automatic;
				DEVELOPMENT_ASSET_PATHS = "\"AmberCard/Preview Content\"";
				DEVELOPMENT_TEAM = FTZ4RS88XA;
				ENABLE_PREVIEWS = YES;
				INFOPLIST_FILE = AmberCard/Info.plist;
				IPHONEOS_DEPLOYMENT_TARGET = 14.0;
				LD_RUNPATH_SEARCH_PATHS = (
					"$(inherited)",
					"@executable_path/Frameworks",
				);
				PRODUCT_BUNDLE_IDENTIFIER = com.amberakhtar.AmberCard;
				PRODUCT_NAME = "$(TARGET_NAME)";
				SWIFT_VERSION = 5.0;
				TARGETED_DEVICE_FAMILY = "1,2";
			};
			name = Debug;
		};
		7BACCF2825BF40CC00D0EAE4 /* Release */ = {
			isa = XCBuildConfiguration;
			buildSettings = {
				ASSETCATALOG_COMPILER_APPICON_NAME = AppIcon;
				ASSETCATALOG_COMPILER_GLOBAL_ACCENT_COLOR_NAME = AccentColor;
				CODE_SIGN_STYLE = Automatic;
				DEVELOPMENT_ASSET_PATHS = "\"AmberCard/Preview Content\"";
				DEVELOPMENT_TEAM = FTZ4RS88XA;
				ENABLE_PREVIEWS = YES;
				INFOPLIST_FILE = AmberCard/Info.plist;
				IPHONEOS_DEPLOYMENT_TARGET = 14.0;
				LD_RUNPATH_SEARCH_PATHS = (
					"$(inherited)",
					"@executable_path/Frameworks",
				);
				PRODUCT_BUNDLE_IDENTIFIER = com.amberakhtar.AmberCard;
				PRODUCT_NAME = "$(TARGET_NAME)";
				SWIFT_VERSION = 5.0;
				TARGETED_DEVICE_FAMILY = "1,2";
			};
			name = Release;
		};
/* End XCBuildConfiguration section */

/* Begin XCConfigurationList section */
		7BACCF1225BF40CB00D0EAE4 /* Build configuration list for PBXProject "AmberCard" */ = {
			isa = XCConfigurationList;
			buildConfigurations = (
				7BACCF2425BF40CC00D0EAE4 /* Debug */,
				7BACCF2525BF40CC00D0EAE4 /* Release */,
			);
			defaultConfigurationIsVisible = 0;
			defaultConfigurationName = Release;
		};
		7BACCF2625BF40CC00D0EAE4 /* Build configuration list for PBXNativeTarget "AmberCard" */ = {
			isa = XCConfigurationList;
			buildConfigurations = (
				7BACCF2725BF40CC00D0EAE4 /* Debug */,
				7BACCF2825BF40CC00D0EAE4 /* Release */,
			);
			defaultConfigurationIsVisible = 0;
			defaultConfigurationName = Release;
		};
/* End XCConfigurationList section */
	};
	rootObject = 7BACCF0F25BF40CB00D0EAE4 /* Project object */;
}
